
Microsoft Visual Studio Solution File, Format Version 12.00
# Visual Studio Version 16
VisualStudioVersion = 16.0.29728.190
MinimumVisualStudioVersion = 10.0.40219.1
Project("{FAE04EC0-301F-11D3-BF4B-00C04F79EFBC}") = "TCPChat", "TCPChat\TCPChat.csproj", "{DADCDAA1-D13D-4D49-9008-4E3FD7770378}"
EndProject
Project("{FAE04EC0-301F-11D3-BF4B-00C04F79EFBC}") = "Server", "Server\Server.csproj", "{FEE3839F-AC71-4130-B994-DE1DB030BDF1}"
EndProject
Global
	GlobalSection(SolutionConfigurationPlatforms) = preSolution
		Debug|Any CPU = Debug|Any CPU
		Release|Any CPU = Release|Any CPU
	EndGlobalSection
	GlobalSection(ProjectConfigurationPlatforms) = postSolution
		{DADCDAA1-D13D-4D49-9008-4E3FD7770378}.Debug|Any CPU.ActiveCfg = Debug|Any CPU
		{DADCDAA1-D13D-4D49-9008-4E3FD7770378}.Debug|Any CPU.Build.0 = Debug|Any CPU
		{DADCDAA1-D13D-4D49-9008-4E3FD7770378}.Release|Any CPU.ActiveCfg = Release|Any CPU
		{DADCDAA1-D13D-4D49-9008-4E3FD7770378}.Release|Any CPU.Build.0 = Release|Any CPU
		{FEE3839F-AC71-4130-B994-DE1DB030BDF1}.Debug|Any CPU.ActiveCfg = Debug|Any CPU
		{FEE3839F-AC71-4130-B994-DE1DB030BDF1}.Debug|Any CPU.Build.0 = Debug|Any CPU
		{FEE3839F-AC71-4130-B994-DE1DB030BDF1}.Release|Any CPU.ActiveCfg = Release|Any CPU
		{FEE3839F-AC71-4130-B994-DE1DB030BDF1}.Release|Any CPU.Build.0 = Release|Any CPU
	EndGlobalSection
	GlobalSection(SolutionProperties) = preSolution
		HideSolutionNode = FALSE
	EndGlobalSection
	GlobalSection(ExtensibilityGlobals) = postSolution
		SolutionGuid = {5C0FFA00-6B48-4A2F-B1D8-E81D312A1634}
	EndGlobalSection
EndGlobal
